
Microsoft Visual Studio Solution File, Format Version 12.00
# Visual Studio Version 17
VisualStudioVersion = 17.4.33213.308
MinimumVisualStudioVersion = 10.0.40219.1
Project("{9A19103F-16F7-4668-BE54-9A1E7A4F7556}") = "apiPrueba", "apiPrueba\apiPrueba.csproj", "{B383ED71-5878-4635-BA9A-EB3B46F759F0}"
EndProject
Project("{9A19103F-16F7-4668-BE54-9A1E7A4F7556}") = "apiPrueba.Data", "apiPrueba.Data\apiPrueba.Data.csproj", "{BF18A87F-88E1-4248-B762-CC561FD1F201}"
EndProject
Global
	GlobalSection(SolutionConfigurationPlatforms) = preSolution
		Debug|Any CPU = Debug|Any CPU
		Release|Any CPU = Release|Any CPU
	EndGlobalSection
	GlobalSection(ProjectConfigurationPlatforms) = postSolution
		{B383ED71-5878-4635-BA9A-EB3B46F759F0}.Debug|Any CPU.ActiveCfg = Debug|Any CPU
		{B383ED71-5878-4635-BA9A-EB3B46F759F0}.Debug|Any CPU.Build.0 = Debug|Any CPU
		{B383ED71-5878-4635-BA9A-EB3B46F759F0}.Release|Any CPU.ActiveCfg = Release|Any CPU
		{B383ED71-5878-4635-BA9A-EB3B46F759F0}.Release|Any CPU.Build.0 = Release|Any CPU
		{BF18A87F-88E1-4248-B762-CC561FD1F201}.Debug|Any CPU.ActiveCfg = Debug|Any CPU
		{BF18A87F-88E1-4248-B762-CC561FD1F201}.Debug|Any CPU.Build.0 = Debug|Any CPU
		{BF18A87F-88E1-4248-B762-CC561FD1F201}.Release|Any CPU.ActiveCfg = Release|Any CPU
		{BF18A87F-88E1-4248-B762-CC561FD1F201}.Release|Any CPU.Build.0 = Release|Any CPU
	EndGlobalSection
	GlobalSection(SolutionProperties) = preSolution
		HideSolutionNode = FALSE
	EndGlobalSection
	GlobalSection(ExtensibilityGlobals) = postSolution
		SolutionGuid = {D6743D6C-D8FD-4292-85B6-41D2D10C1FB4}
	EndGlobalSection
EndGlobal
